
Microsoft Visual Studio Solution File, Format Version 12.00
# Visual Studio Version 17
VisualStudioVersion = 17.14.36429.23 d17.14
MinimumVisualStudioVersion = 10.0.40219.1
Project("{FAE04EC0-301F-11D3-BF4B-00C04F79EFBC}") = "MarcelMathNumberQuiz", "MarcelMathNumberQuiz.csproj", "{676AFE7B-7117-496A-8922-FE12FBEBCEEA}"
EndProject
Global
	GlobalSection(SolutionConfigurationPlatforms) = preSolution
		Debug|Any CPU = Debug|Any CPU
		Release|Any CPU = Release|Any CPU
	EndGlobalSection
	GlobalSection(ProjectConfigurationPlatforms) = postSolution
		{676AFE7B-7117-496A-8922-FE12FBEBCEEA}.Debug|Any CPU.ActiveCfg = Debug|Any CPU
		{676AFE7B-7117-496A-8922-FE12FBEBCEEA}.Debug|Any CPU.Build.0 = Debug|Any CPU
		{676AFE7B-7117-496A-8922-FE12FBEBCEEA}.Release|Any CPU.ActiveCfg = Release|Any CPU
		{676AFE7B-7117-496A-8922-FE12FBEBCEEA}.Release|Any CPU.Build.0 = Release|Any CPU
	EndGlobalSection
	GlobalSection(SolutionProperties) = preSolution
		HideSolutionNode = FALSE
	EndGlobalSection
	GlobalSection(ExtensibilityGlobals) = postSolution
		SolutionGuid = {34B36D8A-D297-4F99-AF86-EB2B9EFC5051}
	EndGlobalSection
EndGlobal
